
Microsoft Visual Studio Solution File, Format Version 12.00
# Visual Studio 15
VisualStudioVersion = 15.0.26228.9
MinimumVisualStudioVersion = 10.0.40219.1
Project("{FAE04EC0-301F-11D3-BF4B-00C04F79EFBC}") = "NumberGuess2", "NumberGuess2\NumberGuess2.csproj", "{A01464BF-5F5A-4ACF-B6EE-E3C7F4BF59EE}"
EndProject
Global
	GlobalSection(SolutionConfigurationPlatforms) = preSolution
		Debug|Any CPU = Debug|Any CPU
		Release|Any CPU = Release|Any CPU
	EndGlobalSection
	GlobalSection(ProjectConfigurationPlatforms) = postSolution
		{A01464BF-5F5A-4ACF-B6EE-E3C7F4BF59EE}.Debug|Any CPU.ActiveCfg = Debug|Any CPU
		{A01464BF-5F5A-4ACF-B6EE-E3C7F4BF59EE}.Debug|Any CPU.Build.0 = Debug|Any CPU
		{A01464BF-5F5A-4ACF-B6EE-E3C7F4BF59EE}.Release|Any CPU.ActiveCfg = Release|Any CPU
		{A01464BF-5F5A-4ACF-B6EE-E3C7F4BF59EE}.Release|Any CPU.Build.0 = Release|Any CPU
	EndGlobalSection
	GlobalSection(SolutionProperties) = preSolution
		HideSolutionNode = FALSE
	EndGlobalSection
EndGlobal
